
Microsoft Visual Studio Solution File, Format Version 12.00
# Visual Studio Version 17
VisualStudioVersion = 17.14.37012.4 d17.14
MinimumVisualStudioVersion = 10.0.40219.1
Project("{FAE04EC0-301F-11D3-BF4B-00C04F79EFBC}") = "Learn", "Learn\Learn.csproj", "{28C5A426-A3B6-4377-9AAB-1D23E1C33C77}"
EndProject
Global
	GlobalSection(SolutionConfigurationPlatforms) = preSolution
		Debug|Any CPU = Debug|Any CPU
		Release|Any CPU = Release|Any CPU
	EndGlobalSection
	GlobalSection(ProjectConfigurationPlatforms) = postSolution
		{28C5A426-A3B6-4377-9AAB-1D23E1C33C77}.Debug|Any CPU.ActiveCfg = Debug|Any CPU
		{28C5A426-A3B6-4377-9AAB-1D23E1C33C77}.Debug|Any CPU.Build.0 = Debug|Any CPU
		{28C5A426-A3B6-4377-9AAB-1D23E1C33C77}.Release|Any CPU.ActiveCfg = Release|Any CPU
		{28C5A426-A3B6-4377-9AAB-1D23E1C33C77}.Release|Any CPU.Build.0 = Release|Any CPU
	EndGlobalSection
	GlobalSection(SolutionProperties) = preSolution
		HideSolutionNode = FALSE
	EndGlobalSection
	GlobalSection(ExtensibilityGlobals) = postSolution
		SolutionGuid = {01608CCA-C512-461F-A60D-054ABE5BD5C9}
	EndGlobalSection
EndGlobal
